
Microsoft Visual Studio Solution File, Format Version 12.00
# Visual Studio Version 17
VisualStudioVersion = 17.1.31903.286
MinimumVisualStudioVersion = 10.0.40219.1
Project("{FAE04EC0-301F-11D3-BF4B-00C04F79EFBC}") = "BlazingFlureeCharacters", "BlazingFlureeCharacters\BlazingFlureeCharacters.csproj", "{15D92D9B-5879-46D0-BF0B-FFAE343B3BBF}"
EndProject
Global
	GlobalSection(SolutionConfigurationPlatforms) = preSolution
		Debug|Any CPU = Debug|Any CPU
		Release|Any CPU = Release|Any CPU
	EndGlobalSection
	GlobalSection(ProjectConfigurationPlatforms) = postSolution
		{15D92D9B-5879-46D0-BF0B-FFAE343B3BBF}.Debug|Any CPU.ActiveCfg = Debug|Any CPU
		{15D92D9B-5879-46D0-BF0B-FFAE343B3BBF}.Debug|Any CPU.Build.0 = Debug|Any CPU
		{15D92D9B-5879-46D0-BF0B-FFAE343B3BBF}.Release|Any CPU.ActiveCfg = Release|Any CPU
		{15D92D9B-5879-46D0-BF0B-FFAE343B3BBF}.Release|Any CPU.Build.0 = Release|Any CPU
	EndGlobalSection
	GlobalSection(SolutionProperties) = preSolution
		HideSolutionNode = FALSE
	EndGlobalSection
	GlobalSection(ExtensibilityGlobals) = postSolution
		SolutionGuid = {9B5CA15D-4E06-48BA-8177-EE779D2B4A5B}
	EndGlobalSection
EndGlobal
